
Microsoft Visual Studio Solution File, Format Version 11.00
# Visual Studio 2010
Project("{8BC9CEB8-8B4A-11D0-8D11-00A0C91BC942}") = "Example1", "..\Example1\Example1_2012.vcxproj", "{33559485-7C76-A816-0685-0705174F10F4}"
	ProjectSection(ProjectDependencies) = postProject
		{D4E49342-C8FA-D8E7-A94A-EA9A8CE4AD08} = {D4E49342-C8FA-D8E7-A94A-EA9A8CE4AD08}
	EndProjectSection
EndProject
Project("{8BC9CEB8-8B4A-11D0-8D11-00A0C91BC942}") = "Example10", "..\Example10\Example10_2012.vcxproj", "{1CC43488-58D4-F766-6EC7-8E4A46CCAADF}"
EndProject
Project("{8BC9CEB8-8B4A-11D0-8D11-00A0C91BC942}") = "Example11", "..\Example11\Example11_2012.vcxproj", "{C24F28A5-1379-DBED-8C50-640C44B334BA}"
EndProject
Project("{8BC9CEB8-8B4A-11D0-8D11-00A0C91BC942}") = "Example12", "..\Example12\Example12_2012.vcxproj", "{85603FC6-DD39-A2B5-0C6B-F8F6DCAE36B4}"
EndProject
Project("{8BC9CEB8-8B4A-11D0-8D11-00A0C91BC942}") = "Example2", "..\Example2\Example2_2012.vcxproj", "{3B675070-B77B-D7D4-15AC-98A2425169BC}"
EndProject
Project("{8BC9CEB8-8B4A-11D0-8D11-00A0C91BC942}") = "Example3", "..\Example3\Example3_2012.vcxproj", "{7D9368E5-A8EC-9C8F-0779-BD321BC1FB01}"
EndProject
Project("{8BC9CEB8-8B4A-11D0-8D11-00A0C91BC942}") = "Example4", "..\Example4\Example4_2012.vcxproj", "{5FD9A6CC-4981-9DD3-C732-F046D7EC46B5}"
	ProjectSection(ProjectDependencies) = postProject
		{D4E49342-C8FA-D8E7-A94A-EA9A8CE4AD08} = {D4E49342-C8FA-D8E7-A94A-EA9A8CE4AD08}
	EndProjectSection
EndProject
Project("{8BC9CEB8-8B4A-11D0-8D11-00A0C91BC942}") = "Example5", "..\Example5\Example5_2012.vcxproj", "{258A4344-C792-842C-A0FE-0FBFD2108C0C}"
EndProject
Project("{8BC9CEB8-8B4A-11D0-8D11-00A0C91BC942}") = "Example6", "..\Example6\Example6_2012.vcxproj", "{EC6A1ABA-6893-C882-CAD3-F94E1399BBE3}"
EndProject
Project("{8BC9CEB8-8B4A-11D0-8D11-00A0C91BC942}") = "Example7", "..\Example7\Example7_2012.vcxproj", "{FDB43232-86A9-45DE-F6EF-236E71DBAD9E}"
EndProject
Project("{8BC9CEB8-8B4A-11D0-8D11-00A0C91BC942}") = "Example8", "..\Example8\Example8_2012.vcxproj", "{7E724AFF-E724-B928-1FCC-CF9D7A559B2E}"
EndProject
Project("{8BC9CEB8-8B4A-11D0-8D11-00A0C91BC942}") = "Example9", "..\Example9\Example9_2012.vcxproj", "{ECB7A789-BEB3-87C7-37FE-58F5D50D2972}"
	ProjectSection(ProjectDependencies) = postProject
		{D4E49342-C8FA-D8E7-A94A-EA9A8CE4AD08} = {D4E49342-C8FA-D8E7-A94A-EA9A8CE4AD08}
	EndProjectSection
EndProject
Project("{8BC9CEB8-8B4A-11D0-8D11-00A0C91BC942}") = "Common3DApp", "..\Common3DApp\Common3DApp_2012.vcxproj", "{D4E49342-C8FA-D8E7-A94A-EA9A8CE4AD08}"
EndProject
Project("{2150E333-8FDC-42A3-9474-1A3956D46DE8}") = "Solution Items", "Solution Items", "{76E0B1FA-4239-4FAC-861C-198A9D5C3639}"
	ProjectSection(SolutionItems) = preProject
		ExamplesIndex.txt = ExamplesIndex.txt
	EndProjectSection
EndProject
Global
	GlobalSection(SolutionConfigurationPlatforms) = preSolution
		DebugMT|Win32 = DebugMT|Win32
		ReleaseMT|Win32 = ReleaseMT|Win32
	EndGlobalSection
	GlobalSection(ProjectConfigurationPlatforms) = postSolution
		{33559485-7C76-A816-0685-0705174F10F4}.DebugMT|Win32.ActiveCfg = DebugMT|Win32
		{33559485-7C76-A816-0685-0705174F10F4}.DebugMT|Win32.Build.0 = DebugMT|Win32
		{33559485-7C76-A816-0685-0705174F10F4}.ReleaseMT|Win32.ActiveCfg = ReleaseMT|Win32
		{33559485-7C76-A816-0685-0705174F10F4}.ReleaseMT|Win32.Build.0 = ReleaseMT|Win32
		{1CC43488-58D4-F766-6EC7-8E4A46CCAADF}.DebugMT|Win32.ActiveCfg = DebugMT|Win32
		{1CC43488-58D4-F766-6EC7-8E4A46CCAADF}.DebugMT|Win32.Build.0 = DebugMT|Win32
		{1CC43488-58D4-F766-6EC7-8E4A46CCAADF}.ReleaseMT|Win32.ActiveCfg = ReleaseMT|Win32
		{1CC43488-58D4-F766-6EC7-8E4A46CCAADF}.ReleaseMT|Win32.Build.0 = ReleaseMT|Win32
		{C24F28A5-1379-DBED-8C50-640C44B334BA}.DebugMT|Win32.ActiveCfg = DebugMT|Win32
		{C24F28A5-1379-DBED-8C50-640C44B334BA}.DebugMT|Win32.Build.0 = DebugMT|Win32
		{C24F28A5-1379-DBED-8C50-640C44B334BA}.ReleaseMT|Win32.ActiveCfg = ReleaseMT|Win32
		{C24F28A5-1379-DBED-8C50-640C44B334BA}.ReleaseMT|Win32.Build.0 = ReleaseMT|Win32
		{85603FC6-DD39-A2B5-0C6B-F8F6DCAE36B4}.DebugMT|Win32.ActiveCfg = DebugMT|Win32
		{85603FC6-DD39-A2B5-0C6B-F8F6DCAE36B4}.DebugMT|Win32.Build.0 = DebugMT|Win32
		{85603FC6-DD39-A2B5-0C6B-F8F6DCAE36B4}.ReleaseMT|Win32.ActiveCfg = ReleaseMT|Win32
		{85603FC6-DD39-A2B5-0C6B-F8F6DCAE36B4}.ReleaseMT|Win32.Build.0 = ReleaseMT|Win32
		{3B675070-B77B-D7D4-15AC-98A2425169BC}.DebugMT|Win32.ActiveCfg = DebugMT|Win32
		{3B675070-B77B-D7D4-15AC-98A2425169BC}.DebugMT|Win32.Build.0 = DebugMT|Win32
		{3B675070-B77B-D7D4-15AC-98A2425169BC}.ReleaseMT|Win32.ActiveCfg = ReleaseMT|Win32
		{3B675070-B77B-D7D4-15AC-98A2425169BC}.ReleaseMT|Win32.Build.0 = ReleaseMT|Win32
		{7D9368E5-A8EC-9C8F-0779-BD321BC1FB01}.DebugMT|Win32.ActiveCfg = DebugMT|Win32
		{7D9368E5-A8EC-9C8F-0779-BD321BC1FB01}.DebugMT|Win32.Build.0 = DebugMT|Win32
		{7D9368E5-A8EC-9C8F-0779-BD321BC1FB01}.ReleaseMT|Win32.ActiveCfg = ReleaseMT|Win32
		{7D9368E5-A8EC-9C8F-0779-BD321BC1FB01}.ReleaseMT|Win32.Build.0 = ReleaseMT|Win32
		{5FD9A6CC-4981-9DD3-C732-F046D7EC46B5}.DebugMT|Win32.ActiveCfg = DebugMT|Win32
		{5FD9A6CC-4981-9DD3-C732-F046D7EC46B5}.DebugMT|Win32.Build.0 = DebugMT|Win32
		{5FD9A6CC-4981-9DD3-C732-F046D7EC46B5}.ReleaseMT|Win32.ActiveCfg = ReleaseMT|Win32
		{5FD9A6CC-4981-9DD3-C732-F046D7EC46B5}.ReleaseMT|Win32.Build.0 = ReleaseMT|Win32
		{258A4344-C792-842C-A0FE-0FBFD2108C0C}.DebugMT|Win32.ActiveCfg = DebugMT|Win32
		{258A4344-C792-842C-A0FE-0FBFD2108C0C}.DebugMT|Win32.Build.0 = DebugMT|Win32
		{258A4344-C792-842C-A0FE-0FBFD2108C0C}.ReleaseMT|Win32.ActiveCfg = ReleaseMT|Win32
		{258A4344-C792-842C-A0FE-0FBFD2108C0C}.ReleaseMT|Win32.Build.0 = ReleaseMT|Win32
		{EC6A1ABA-6893-C882-CAD3-F94E1399BBE3}.DebugMT|Win32.ActiveCfg = DebugMT|Win32
		{EC6A1ABA-6893-C882-CAD3-F94E1399BBE3}.DebugMT|Win32.Build.0 = DebugMT|Win32
		{EC6A1ABA-6893-C882-CAD3-F94E1399BBE3}.ReleaseMT|Win32.ActiveCfg = ReleaseMT|Win32
		{EC6A1ABA-6893-C882-CAD3-F94E1399BBE3}.ReleaseMT|Win32.Build.0 = ReleaseMT|Win32
		{FDB43232-86A9-45DE-F6EF-236E71DBAD9E}.DebugMT|Win32.ActiveCfg = DebugMT|Win32
		{FDB43232-86A9-45DE-F6EF-236E71DBAD9E}.DebugMT|Win32.Build.0 = DebugMT|Win32
		{FDB43232-86A9-45DE-F6EF-236E71DBAD9E}.ReleaseMT|Win32.ActiveCfg = ReleaseMT|Win32
		{FDB43232-86A9-45DE-F6EF-236E71DBAD9E}.ReleaseMT|Win32.Build.0 = ReleaseMT|Win32
		{7E724AFF-E724-B928-1FCC-CF9D7A559B2E}.DebugMT|Win32.ActiveCfg = DebugMT|Win32
		{7E724AFF-E724-B928-1FCC-CF9D7A559B2E}.DebugMT|Win32.Build.0 = DebugMT|Win32
		{7E724AFF-E724-B928-1FCC-CF9D7A559B2E}.ReleaseMT|Win32.ActiveCfg = ReleaseMT|Win32
		{7E724AFF-E724-B928-1FCC-CF9D7A559B2E}.ReleaseMT|Win32.Build.0 = ReleaseMT|Win32
		{ECB7A789-BEB3-87C7-37FE-58F5D50D2972}.DebugMT|Win32.ActiveCfg = DebugMT|Win32
		{ECB7A789-BEB3-87C7-37FE-58F5D50D2972}.DebugMT|Win32.Build.0 = DebugMT|Win32
		{ECB7A789-BEB3-87C7-37FE-58F5D50D2972}.ReleaseMT|Win32.ActiveCfg = ReleaseMT|Win32
		{ECB7A789-BEB3-87C7-37FE-58F5D50D2972}.ReleaseMT|Win32.Build.0 = ReleaseMT|Win32
		{D4E49342-C8FA-D8E7-A94A-EA9A8CE4AD08}.DebugMT|Win32.ActiveCfg = DebugMT|Win32
		{D4E49342-C8FA-D8E7-A94A-EA9A8CE4AD08}.DebugMT|Win32.Build.0 = DebugMT|Win32
		{D4E49342-C8FA-D8E7-A94A-EA9A8CE4AD08}.ReleaseMT|Win32.ActiveCfg = ReleaseMT|Win32
		{D4E49342-C8FA-D8E7-A94A-EA9A8CE4AD08}.ReleaseMT|Win32.Build.0 = ReleaseMT|Win32
	EndGlobalSection
	GlobalSection(SolutionProperties) = preSolution
		HideSolutionNode = FALSE
	EndGlobalSection
EndGlobal
