
Microsoft Visual Studio Solution File, Format Version 10.00
# Visual Studio 2008
Project("{8BC9CEB8-8B4A-11D0-8D11-00A0C91BC942}") = "Common3DApp", "..\Common3DApp\Common3DApp.vcproj", "{F1A9948D-AD2D-4452-B1E7-9773897EE0C4}"
EndProject
Project("{8BC9CEB8-8B4A-11D0-8D11-00A0C91BC942}") = "Example1", "..\Example1\Example1.vcproj", "{FEE5BF2F-4647-42A6-B4C0-2AC0E42227F8}"
	ProjectSection(ProjectDependencies) = postProject
		{F1A9948D-AD2D-4452-B1E7-9773897EE0C4} = {F1A9948D-AD2D-4452-B1E7-9773897EE0C4}
	EndProjectSection
EndProject
Project("{8BC9CEB8-8B4A-11D0-8D11-00A0C91BC942}") = "Example10", "..\Example10\Example10.vcproj", "{1E250FD1-9E70-41E5-9D9D-EAA0C460E0B7}"
EndProject
Project("{8BC9CEB8-8B4A-11D0-8D11-00A0C91BC942}") = "Example11", "..\Example11\Example11.vcproj", "{E3111CDB-55BE-43CC-962F-A5CD08E4D571}"
EndProject
Project("{8BC9CEB8-8B4A-11D0-8D11-00A0C91BC942}") = "Example12", "..\Example12\Example12.vcproj", "{69EFA884-31CD-4D86-99FC-F6F72C080836}"
EndProject
Project("{8BC9CEB8-8B4A-11D0-8D11-00A0C91BC942}") = "Example2", "..\Example2\Example2.vcproj", "{DC93C469-FD22-48DF-A689-E8E378317409}"
EndProject
Project("{8BC9CEB8-8B4A-11D0-8D11-00A0C91BC942}") = "Example3", "..\Example3\Example3.vcproj", "{CCC05722-C9B3-4D39-AC18-0ECC00A170D2}"
EndProject
Project("{8BC9CEB8-8B4A-11D0-8D11-00A0C91BC942}") = "Example4", "..\Example4\Example4.vcproj", "{10AEEFEC-C36A-4D9B-AE84-BFAA96FE9C5C}"
	ProjectSection(ProjectDependencies) = postProject
		{F1A9948D-AD2D-4452-B1E7-9773897EE0C4} = {F1A9948D-AD2D-4452-B1E7-9773897EE0C4}
	EndProjectSection
EndProject
Project("{8BC9CEB8-8B4A-11D0-8D11-00A0C91BC942}") = "Example5", "..\Example5\Example5.vcproj", "{F17B7303-7025-4FA2-8F1F-B55E6A139E36}"
EndProject
Project("{8BC9CEB8-8B4A-11D0-8D11-00A0C91BC942}") = "Example6", "..\Example6\Example6.vcproj", "{77DF3845-74C7-4A0B-AB6E-76161E0D50E2}"
EndProject
Project("{8BC9CEB8-8B4A-11D0-8D11-00A0C91BC942}") = "Example7", "..\Example7\Example7.vcproj", "{74128946-801C-4079-A123-3948ED7DAB28}"
EndProject
Project("{8BC9CEB8-8B4A-11D0-8D11-00A0C91BC942}") = "Example8", "..\Example8\Example8.vcproj", "{2444A679-8DEF-47FE-B731-C1296103870C}"
EndProject
Project("{8BC9CEB8-8B4A-11D0-8D11-00A0C91BC942}") = "Example9", "..\Example9\Example9.vcproj", "{FADD2E1F-3303-4E8F-ABE1-971413AD245C}"
	ProjectSection(ProjectDependencies) = postProject
		{F1A9948D-AD2D-4452-B1E7-9773897EE0C4} = {F1A9948D-AD2D-4452-B1E7-9773897EE0C4}
	EndProjectSection
EndProject
Project("{2150E333-8FDC-42A3-9474-1A3956D46DE8}") = "Solution Items", "Solution Items", "{F3774C1D-34D2-4334-B41C-0BBEA7917953}"
	ProjectSection(SolutionItems) = preProject
		ExamplesIndex.txt = ExamplesIndex.txt
	EndProjectSection
EndProject
Global
	GlobalSection(SolutionConfigurationPlatforms) = preSolution
		Debug|Win32 = Debug|Win32
		DebugMT|Win32 = DebugMT|Win32
		DebugMTDLL|Win32 = DebugMTDLL|Win32
		Release|Win32 = Release|Win32
		ReleaseMT|Win32 = ReleaseMT|Win32
		ReleaseMTDLL|Win32 = ReleaseMTDLL|Win32
	EndGlobalSection
	GlobalSection(ProjectConfigurationPlatforms) = postSolution
		{F1A9948D-AD2D-4452-B1E7-9773897EE0C4}.Debug|Win32.ActiveCfg = DebugMTDLL|Win32
		{F1A9948D-AD2D-4452-B1E7-9773897EE0C4}.Debug|Win32.Build.0 = DebugMTDLL|Win32
		{F1A9948D-AD2D-4452-B1E7-9773897EE0C4}.DebugMT|Win32.ActiveCfg = DebugMT|Win32
		{F1A9948D-AD2D-4452-B1E7-9773897EE0C4}.DebugMT|Win32.Build.0 = DebugMT|Win32
		{F1A9948D-AD2D-4452-B1E7-9773897EE0C4}.DebugMTDLL|Win32.ActiveCfg = DebugMTDLL|Win32
		{F1A9948D-AD2D-4452-B1E7-9773897EE0C4}.DebugMTDLL|Win32.Build.0 = DebugMTDLL|Win32
		{F1A9948D-AD2D-4452-B1E7-9773897EE0C4}.Release|Win32.ActiveCfg = ReleaseMT|Win32
		{F1A9948D-AD2D-4452-B1E7-9773897EE0C4}.Release|Win32.Build.0 = ReleaseMT|Win32
		{F1A9948D-AD2D-4452-B1E7-9773897EE0C4}.ReleaseMT|Win32.ActiveCfg = ReleaseMT|Win32
		{F1A9948D-AD2D-4452-B1E7-9773897EE0C4}.ReleaseMT|Win32.Build.0 = ReleaseMT|Win32
		{F1A9948D-AD2D-4452-B1E7-9773897EE0C4}.ReleaseMTDLL|Win32.ActiveCfg = ReleaseMTDLL|Win32
		{F1A9948D-AD2D-4452-B1E7-9773897EE0C4}.ReleaseMTDLL|Win32.Build.0 = ReleaseMTDLL|Win32
		{FEE5BF2F-4647-42A6-B4C0-2AC0E42227F8}.Debug|Win32.ActiveCfg = DebugMT|Win32
		{FEE5BF2F-4647-42A6-B4C0-2AC0E42227F8}.Debug|Win32.Build.0 = DebugMT|Win32
		{FEE5BF2F-4647-42A6-B4C0-2AC0E42227F8}.DebugMT|Win32.ActiveCfg = DebugMT|Win32
		{FEE5BF2F-4647-42A6-B4C0-2AC0E42227F8}.DebugMT|Win32.Build.0 = DebugMT|Win32
		{FEE5BF2F-4647-42A6-B4C0-2AC0E42227F8}.DebugMTDLL|Win32.ActiveCfg = DebugMT|Win32
		{FEE5BF2F-4647-42A6-B4C0-2AC0E42227F8}.DebugMTDLL|Win32.Build.0 = DebugMT|Win32
		{FEE5BF2F-4647-42A6-B4C0-2AC0E42227F8}.Release|Win32.ActiveCfg = ReleaseMT|Win32
		{FEE5BF2F-4647-42A6-B4C0-2AC0E42227F8}.Release|Win32.Build.0 = ReleaseMT|Win32
		{FEE5BF2F-4647-42A6-B4C0-2AC0E42227F8}.ReleaseMT|Win32.ActiveCfg = ReleaseMT|Win32
		{FEE5BF2F-4647-42A6-B4C0-2AC0E42227F8}.ReleaseMT|Win32.Build.0 = ReleaseMT|Win32
		{FEE5BF2F-4647-42A6-B4C0-2AC0E42227F8}.ReleaseMTDLL|Win32.ActiveCfg = ReleaseMT|Win32
		{FEE5BF2F-4647-42A6-B4C0-2AC0E42227F8}.ReleaseMTDLL|Win32.Build.0 = ReleaseMT|Win32
		{1E250FD1-9E70-41E5-9D9D-EAA0C460E0B7}.Debug|Win32.ActiveCfg = DebugMT|Win32
		{1E250FD1-9E70-41E5-9D9D-EAA0C460E0B7}.Debug|Win32.Build.0 = DebugMT|Win32
		{1E250FD1-9E70-41E5-9D9D-EAA0C460E0B7}.DebugMT|Win32.ActiveCfg = DebugMT|Win32
		{1E250FD1-9E70-41E5-9D9D-EAA0C460E0B7}.DebugMT|Win32.Build.0 = DebugMT|Win32
		{1E250FD1-9E70-41E5-9D9D-EAA0C460E0B7}.DebugMTDLL|Win32.ActiveCfg = DebugMT|Win32
		{1E250FD1-9E70-41E5-9D9D-EAA0C460E0B7}.DebugMTDLL|Win32.Build.0 = DebugMT|Win32
		{1E250FD1-9E70-41E5-9D9D-EAA0C460E0B7}.Release|Win32.ActiveCfg = ReleaseMT|Win32
		{1E250FD1-9E70-41E5-9D9D-EAA0C460E0B7}.Release|Win32.Build.0 = ReleaseMT|Win32
		{1E250FD1-9E70-41E5-9D9D-EAA0C460E0B7}.ReleaseMT|Win32.ActiveCfg = ReleaseMT|Win32
		{1E250FD1-9E70-41E5-9D9D-EAA0C460E0B7}.ReleaseMT|Win32.Build.0 = ReleaseMT|Win32
		{1E250FD1-9E70-41E5-9D9D-EAA0C460E0B7}.ReleaseMTDLL|Win32.ActiveCfg = ReleaseMT|Win32
		{1E250FD1-9E70-41E5-9D9D-EAA0C460E0B7}.ReleaseMTDLL|Win32.Build.0 = ReleaseMT|Win32
		{E3111CDB-55BE-43CC-962F-A5CD08E4D571}.Debug|Win32.ActiveCfg = DebugMT|Win32
		{E3111CDB-55BE-43CC-962F-A5CD08E4D571}.Debug|Win32.Build.0 = DebugMT|Win32
		{E3111CDB-55BE-43CC-962F-A5CD08E4D571}.DebugMT|Win32.ActiveCfg = DebugMT|Win32
		{E3111CDB-55BE-43CC-962F-A5CD08E4D571}.DebugMT|Win32.Build.0 = DebugMT|Win32
		{E3111CDB-55BE-43CC-962F-A5CD08E4D571}.DebugMTDLL|Win32.ActiveCfg = DebugMT|Win32
		{E3111CDB-55BE-43CC-962F-A5CD08E4D571}.DebugMTDLL|Win32.Build.0 = DebugMT|Win32
		{E3111CDB-55BE-43CC-962F-A5CD08E4D571}.Release|Win32.ActiveCfg = ReleaseMT|Win32
		{E3111CDB-55BE-43CC-962F-A5CD08E4D571}.Release|Win32.Build.0 = ReleaseMT|Win32
		{E3111CDB-55BE-43CC-962F-A5CD08E4D571}.ReleaseMT|Win32.ActiveCfg = ReleaseMT|Win32
		{E3111CDB-55BE-43CC-962F-A5CD08E4D571}.ReleaseMT|Win32.Build.0 = ReleaseMT|Win32
		{E3111CDB-55BE-43CC-962F-A5CD08E4D571}.ReleaseMTDLL|Win32.ActiveCfg = ReleaseMT|Win32
		{E3111CDB-55BE-43CC-962F-A5CD08E4D571}.ReleaseMTDLL|Win32.Build.0 = ReleaseMT|Win32
		{69EFA884-31CD-4D86-99FC-F6F72C080836}.Debug|Win32.ActiveCfg = DebugMT|Win32
		{69EFA884-31CD-4D86-99FC-F6F72C080836}.Debug|Win32.Build.0 = DebugMT|Win32
		{69EFA884-31CD-4D86-99FC-F6F72C080836}.DebugMT|Win32.ActiveCfg = DebugMT|Win32
		{69EFA884-31CD-4D86-99FC-F6F72C080836}.DebugMT|Win32.Build.0 = DebugMT|Win32
		{69EFA884-31CD-4D86-99FC-F6F72C080836}.DebugMTDLL|Win32.ActiveCfg = DebugMT|Win32
		{69EFA884-31CD-4D86-99FC-F6F72C080836}.DebugMTDLL|Win32.Build.0 = DebugMT|Win32
		{69EFA884-31CD-4D86-99FC-F6F72C080836}.Release|Win32.ActiveCfg = ReleaseMT|Win32
		{69EFA884-31CD-4D86-99FC-F6F72C080836}.Release|Win32.Build.0 = ReleaseMT|Win32
		{69EFA884-31CD-4D86-99FC-F6F72C080836}.ReleaseMT|Win32.ActiveCfg = ReleaseMT|Win32
		{69EFA884-31CD-4D86-99FC-F6F72C080836}.ReleaseMT|Win32.Build.0 = ReleaseMT|Win32
		{69EFA884-31CD-4D86-99FC-F6F72C080836}.ReleaseMTDLL|Win32.ActiveCfg = ReleaseMT|Win32
		{69EFA884-31CD-4D86-99FC-F6F72C080836}.ReleaseMTDLL|Win32.Build.0 = ReleaseMT|Win32
		{DC93C469-FD22-48DF-A689-E8E378317409}.Debug|Win32.ActiveCfg = DebugMT|Win32
		{DC93C469-FD22-48DF-A689-E8E378317409}.Debug|Win32.Build.0 = DebugMT|Win32
		{DC93C469-FD22-48DF-A689-E8E378317409}.DebugMT|Win32.ActiveCfg = DebugMT|Win32
		{DC93C469-FD22-48DF-A689-E8E378317409}.DebugMT|Win32.Build.0 = DebugMT|Win32
		{DC93C469-FD22-48DF-A689-E8E378317409}.DebugMTDLL|Win32.ActiveCfg = DebugMT|Win32
		{DC93C469-FD22-48DF-A689-E8E378317409}.DebugMTDLL|Win32.Build.0 = DebugMT|Win32
		{DC93C469-FD22-48DF-A689-E8E378317409}.Release|Win32.ActiveCfg = ReleaseMT|Win32
		{DC93C469-FD22-48DF-A689-E8E378317409}.Release|Win32.Build.0 = ReleaseMT|Win32
		{DC93C469-FD22-48DF-A689-E8E378317409}.ReleaseMT|Win32.ActiveCfg = ReleaseMT|Win32
		{DC93C469-FD22-48DF-A689-E8E378317409}.ReleaseMT|Win32.Build.0 = ReleaseMT|Win32
		{DC93C469-FD22-48DF-A689-E8E378317409}.ReleaseMTDLL|Win32.ActiveCfg = ReleaseMT|Win32
		{DC93C469-FD22-48DF-A689-E8E378317409}.ReleaseMTDLL|Win32.Build.0 = ReleaseMT|Win32
		{CCC05722-C9B3-4D39-AC18-0ECC00A170D2}.Debug|Win32.ActiveCfg = Debug|Win32
		{CCC05722-C9B3-4D39-AC18-0ECC00A170D2}.Debug|Win32.Build.0 = Debug|Win32
		{CCC05722-C9B3-4D39-AC18-0ECC00A170D2}.DebugMT|Win32.ActiveCfg = Debug|Win32
		{CCC05722-C9B3-4D39-AC18-0ECC00A170D2}.DebugMT|Win32.Build.0 = Debug|Win32
		{CCC05722-C9B3-4D39-AC18-0ECC00A170D2}.DebugMTDLL|Win32.ActiveCfg = Debug|Win32
		{CCC05722-C9B3-4D39-AC18-0ECC00A170D2}.DebugMTDLL|Win32.Build.0 = Debug|Win32
		{CCC05722-C9B3-4D39-AC18-0ECC00A170D2}.Release|Win32.ActiveCfg = Release|Win32
		{CCC05722-C9B3-4D39-AC18-0ECC00A170D2}.Release|Win32.Build.0 = Release|Win32
		{CCC05722-C9B3-4D39-AC18-0ECC00A170D2}.ReleaseMT|Win32.ActiveCfg = Release|Win32
		{CCC05722-C9B3-4D39-AC18-0ECC00A170D2}.ReleaseMT|Win32.Build.0 = Release|Win32
		{CCC05722-C9B3-4D39-AC18-0ECC00A170D2}.ReleaseMTDLL|Win32.ActiveCfg = Release|Win32
		{CCC05722-C9B3-4D39-AC18-0ECC00A170D2}.ReleaseMTDLL|Win32.Build.0 = Release|Win32
		{10AEEFEC-C36A-4D9B-AE84-BFAA96FE9C5C}.Debug|Win32.ActiveCfg = DebugMT|Win32
		{10AEEFEC-C36A-4D9B-AE84-BFAA96FE9C5C}.Debug|Win32.Build.0 = DebugMT|Win32
		{10AEEFEC-C36A-4D9B-AE84-BFAA96FE9C5C}.DebugMT|Win32.ActiveCfg = DebugMT|Win32
		{10AEEFEC-C36A-4D9B-AE84-BFAA96FE9C5C}.DebugMT|Win32.Build.0 = DebugMT|Win32
		{10AEEFEC-C36A-4D9B-AE84-BFAA96FE9C5C}.DebugMTDLL|Win32.ActiveCfg = DebugMT|Win32
		{10AEEFEC-C36A-4D9B-AE84-BFAA96FE9C5C}.DebugMTDLL|Win32.Build.0 = DebugMT|Win32
		{10AEEFEC-C36A-4D9B-AE84-BFAA96FE9C5C}.Release|Win32.ActiveCfg = ReleaseMT|Win32
		{10AEEFEC-C36A-4D9B-AE84-BFAA96FE9C5C}.Release|Win32.Build.0 = ReleaseMT|Win32
		{10AEEFEC-C36A-4D9B-AE84-BFAA96FE9C5C}.ReleaseMT|Win32.ActiveCfg = ReleaseMT|Win32
		{10AEEFEC-C36A-4D9B-AE84-BFAA96FE9C5C}.ReleaseMT|Win32.Build.0 = ReleaseMT|Win32
		{10AEEFEC-C36A-4D9B-AE84-BFAA96FE9C5C}.ReleaseMTDLL|Win32.ActiveCfg = ReleaseMT|Win32
		{10AEEFEC-C36A-4D9B-AE84-BFAA96FE9C5C}.ReleaseMTDLL|Win32.Build.0 = ReleaseMT|Win32
		{F17B7303-7025-4FA2-8F1F-B55E6A139E36}.Debug|Win32.ActiveCfg = DebugMTDLL|Win32
		{F17B7303-7025-4FA2-8F1F-B55E6A139E36}.Debug|Win32.Build.0 = DebugMTDLL|Win32
		{F17B7303-7025-4FA2-8F1F-B55E6A139E36}.DebugMT|Win32.ActiveCfg = DebugMTDLL|Win32
		{F17B7303-7025-4FA2-8F1F-B55E6A139E36}.DebugMT|Win32.Build.0 = DebugMTDLL|Win32
		{F17B7303-7025-4FA2-8F1F-B55E6A139E36}.DebugMTDLL|Win32.ActiveCfg = DebugMTDLL|Win32
		{F17B7303-7025-4FA2-8F1F-B55E6A139E36}.DebugMTDLL|Win32.Build.0 = DebugMTDLL|Win32
		{F17B7303-7025-4FA2-8F1F-B55E6A139E36}.Release|Win32.ActiveCfg = ReleaseMTDLL|Win32
		{F17B7303-7025-4FA2-8F1F-B55E6A139E36}.Release|Win32.Build.0 = ReleaseMTDLL|Win32
		{F17B7303-7025-4FA2-8F1F-B55E6A139E36}.ReleaseMT|Win32.ActiveCfg = ReleaseMTDLL|Win32
		{F17B7303-7025-4FA2-8F1F-B55E6A139E36}.ReleaseMT|Win32.Build.0 = ReleaseMTDLL|Win32
		{F17B7303-7025-4FA2-8F1F-B55E6A139E36}.ReleaseMTDLL|Win32.ActiveCfg = ReleaseMTDLL|Win32
		{F17B7303-7025-4FA2-8F1F-B55E6A139E36}.ReleaseMTDLL|Win32.Build.0 = ReleaseMTDLL|Win32
		{77DF3845-74C7-4A0B-AB6E-76161E0D50E2}.Debug|Win32.ActiveCfg = DebugMT|Win32
		{77DF3845-74C7-4A0B-AB6E-76161E0D50E2}.Debug|Win32.Build.0 = DebugMT|Win32
		{77DF3845-74C7-4A0B-AB6E-76161E0D50E2}.DebugMT|Win32.ActiveCfg = DebugMT|Win32
		{77DF3845-74C7-4A0B-AB6E-76161E0D50E2}.DebugMT|Win32.Build.0 = DebugMT|Win32
		{77DF3845-74C7-4A0B-AB6E-76161E0D50E2}.DebugMTDLL|Win32.ActiveCfg = DebugMT|Win32
		{77DF3845-74C7-4A0B-AB6E-76161E0D50E2}.DebugMTDLL|Win32.Build.0 = DebugMT|Win32
		{77DF3845-74C7-4A0B-AB6E-76161E0D50E2}.Release|Win32.ActiveCfg = ReleaseMT|Win32
		{77DF3845-74C7-4A0B-AB6E-76161E0D50E2}.Release|Win32.Build.0 = ReleaseMT|Win32
		{77DF3845-74C7-4A0B-AB6E-76161E0D50E2}.ReleaseMT|Win32.ActiveCfg = ReleaseMT|Win32
		{77DF3845-74C7-4A0B-AB6E-76161E0D50E2}.ReleaseMT|Win32.Build.0 = ReleaseMT|Win32
		{77DF3845-74C7-4A0B-AB6E-76161E0D50E2}.ReleaseMTDLL|Win32.ActiveCfg = ReleaseMT|Win32
		{77DF3845-74C7-4A0B-AB6E-76161E0D50E2}.ReleaseMTDLL|Win32.Build.0 = ReleaseMT|Win32
		{74128946-801C-4079-A123-3948ED7DAB28}.Debug|Win32.ActiveCfg = DebugMT|Win32
		{74128946-801C-4079-A123-3948ED7DAB28}.Debug|Win32.Build.0 = DebugMT|Win32
		{74128946-801C-4079-A123-3948ED7DAB28}.DebugMT|Win32.ActiveCfg = DebugMT|Win32
		{74128946-801C-4079-A123-3948ED7DAB28}.DebugMT|Win32.Build.0 = DebugMT|Win32
		{74128946-801C-4079-A123-3948ED7DAB28}.DebugMTDLL|Win32.ActiveCfg = DebugMT|Win32
		{74128946-801C-4079-A123-3948ED7DAB28}.DebugMTDLL|Win32.Build.0 = DebugMT|Win32
		{74128946-801C-4079-A123-3948ED7DAB28}.Release|Win32.ActiveCfg = ReleaseMT|Win32
		{74128946-801C-4079-A123-3948ED7DAB28}.Release|Win32.Build.0 = ReleaseMT|Win32
		{74128946-801C-4079-A123-3948ED7DAB28}.ReleaseMT|Win32.ActiveCfg = ReleaseMT|Win32
		{74128946-801C-4079-A123-3948ED7DAB28}.ReleaseMT|Win32.Build.0 = ReleaseMT|Win32
		{74128946-801C-4079-A123-3948ED7DAB28}.ReleaseMTDLL|Win32.ActiveCfg = ReleaseMT|Win32
		{74128946-801C-4079-A123-3948ED7DAB28}.ReleaseMTDLL|Win32.Build.0 = ReleaseMT|Win32
		{2444A679-8DEF-47FE-B731-C1296103870C}.Debug|Win32.ActiveCfg = DebugMT|Win32
		{2444A679-8DEF-47FE-B731-C1296103870C}.Debug|Win32.Build.0 = DebugMT|Win32
		{2444A679-8DEF-47FE-B731-C1296103870C}.DebugMT|Win32.ActiveCfg = DebugMT|Win32
		{2444A679-8DEF-47FE-B731-C1296103870C}.DebugMT|Win32.Build.0 = DebugMT|Win32
		{2444A679-8DEF-47FE-B731-C1296103870C}.DebugMTDLL|Win32.ActiveCfg = DebugMT|Win32
		{2444A679-8DEF-47FE-B731-C1296103870C}.DebugMTDLL|Win32.Build.0 = DebugMT|Win32
		{2444A679-8DEF-47FE-B731-C1296103870C}.Release|Win32.ActiveCfg = ReleaseMT|Win32
		{2444A679-8DEF-47FE-B731-C1296103870C}.Release|Win32.Build.0 = ReleaseMT|Win32
		{2444A679-8DEF-47FE-B731-C1296103870C}.ReleaseMT|Win32.ActiveCfg = ReleaseMT|Win32
		{2444A679-8DEF-47FE-B731-C1296103870C}.ReleaseMT|Win32.Build.0 = ReleaseMT|Win32
		{2444A679-8DEF-47FE-B731-C1296103870C}.ReleaseMTDLL|Win32.ActiveCfg = ReleaseMT|Win32
		{2444A679-8DEF-47FE-B731-C1296103870C}.ReleaseMTDLL|Win32.Build.0 = ReleaseMT|Win32
		{FADD2E1F-3303-4E8F-ABE1-971413AD245C}.Debug|Win32.ActiveCfg = DebugMT|Win32
		{FADD2E1F-3303-4E8F-ABE1-971413AD245C}.Debug|Win32.Build.0 = DebugMT|Win32
		{FADD2E1F-3303-4E8F-ABE1-971413AD245C}.DebugMT|Win32.ActiveCfg = DebugMT|Win32
		{FADD2E1F-3303-4E8F-ABE1-971413AD245C}.DebugMT|Win32.Build.0 = DebugMT|Win32
		{FADD2E1F-3303-4E8F-ABE1-971413AD245C}.DebugMTDLL|Win32.ActiveCfg = DebugMT|Win32
		{FADD2E1F-3303-4E8F-ABE1-971413AD245C}.DebugMTDLL|Win32.Build.0 = DebugMT|Win32
		{FADD2E1F-3303-4E8F-ABE1-971413AD245C}.Release|Win32.ActiveCfg = ReleaseMT|Win32
		{FADD2E1F-3303-4E8F-ABE1-971413AD245C}.Release|Win32.Build.0 = ReleaseMT|Win32
		{FADD2E1F-3303-4E8F-ABE1-971413AD245C}.ReleaseMT|Win32.ActiveCfg = ReleaseMT|Win32
		{FADD2E1F-3303-4E8F-ABE1-971413AD245C}.ReleaseMT|Win32.Build.0 = ReleaseMT|Win32
		{FADD2E1F-3303-4E8F-ABE1-971413AD245C}.ReleaseMTDLL|Win32.ActiveCfg = ReleaseMT|Win32
		{FADD2E1F-3303-4E8F-ABE1-971413AD245C}.ReleaseMTDLL|Win32.Build.0 = ReleaseMT|Win32
	EndGlobalSection
	GlobalSection(SolutionProperties) = preSolution
		HideSolutionNode = FALSE
	EndGlobalSection
EndGlobal
