<?xml version="1.0" encoding="utf-8"?>
<Project ToolsVersion="4.0" xmlns="http://schemas.microsoft.com/developer/msbuild/2003">
  <ItemGroup>
    <Filter Include="Source Files">
      <UniqueIdentifier>{324f74fa-126b-476f-aeff-d8e4d5391db7}</UniqueIdentifier>
      <Extensions>cpp;c;cxx;rc;def;r;odl;idl;hpj;bat</Extensions>
    </Filter>
    <Filter Include="Header Files">
      <UniqueIdentifier>{f80f1856-823c-4f46-9a18-61cca8c77b52}</UniqueIdentifier>
      <Extensions>h;hpp;hxx;hm;inl</Extensions>
    </Filter>
  </ItemGroup>
  <ItemGroup>
    <ClCompile Include="Src\d3dapp.cpp">
      <Filter>Source Files</Filter>
    </ClCompile>
    <ClCompile Include="Src\d3dfile.cpp">
      <Filter>Source Files</Filter>
    </ClCompile>
    <ClCompile Include="Src\d3dfont.cpp">
      <Filter>Source Files</Filter>
    </ClCompile>
    <ClCompile Include="Src\d3dutil.cpp">
      <Filter>Source Files</Filter>
    </ClCompile>
    <ClCompile Include="Src\ddutil.cpp">
      <Filter>Source Files</Filter>
    </ClCompile>
    <ClCompile Include="Src\didcfgview.cpp">
      <Filter>Source Files</Filter>
    </ClCompile>
    <ClCompile Include="Src\diutil.cpp">
      <Filter>Source Files</Filter>
    </ClCompile>
    <ClCompile Include="Src\dmutil.cpp">
      <Filter>Source Files</Filter>
    </ClCompile>
    <ClCompile Include="Src\dsutil.cpp">
      <Filter>Source Files</Filter>
    </ClCompile>
    <ClCompile Include="Src\dxutil.cpp">
      <Filter>Source Files</Filter>
    </ClCompile>
    <ClCompile Include="Src\netclient.cpp">
      <Filter>Source Files</Filter>
    </ClCompile>
    <ClCompile Include="Src\netconnect.cpp">
      <Filter>Source Files</Filter>
    </ClCompile>
    <ClCompile Include="Src\netvoice.cpp">
      <Filter>Source Files</Filter>
    </ClCompile>
  </ItemGroup>
  <ItemGroup>
    <ClInclude Include="Inc\d3dapp.h">
      <Filter>Header Files</Filter>
    </ClInclude>
    <ClInclude Include="Inc\d3dfile.h">
      <Filter>Header Files</Filter>
    </ClInclude>
    <ClInclude Include="Inc\d3dfont.h">
      <Filter>Header Files</Filter>
    </ClInclude>
    <ClInclude Include="Inc\d3dres.h">
      <Filter>Header Files</Filter>
    </ClInclude>
    <ClInclude Include="Inc\d3dutil.h">
      <Filter>Header Files</Filter>
    </ClInclude>
    <ClInclude Include="Inc\ddutil.h">
      <Filter>Header Files</Filter>
    </ClInclude>
    <ClInclude Include="Inc\didcfgview.h">
      <Filter>Header Files</Filter>
    </ClInclude>
    <ClInclude Include="Inc\diutil.h">
      <Filter>Header Files</Filter>
    </ClInclude>
    <ClInclude Include="Inc\dmutil.h">
      <Filter>Header Files</Filter>
    </ClInclude>
    <ClInclude Include="Inc\dsutil.h">
      <Filter>Header Files</Filter>
    </ClInclude>
    <ClInclude Include="Inc\dxutil.h">
      <Filter>Header Files</Filter>
    </ClInclude>
    <ClInclude Include="Inc\netclient.h">
      <Filter>Header Files</Filter>
    </ClInclude>
    <ClInclude Include="Inc\netclientres.h">
      <Filter>Header Files</Filter>
    </ClInclude>
    <ClInclude Include="Inc\netconnect.h">
      <Filter>Header Files</Filter>
    </ClInclude>
    <ClInclude Include="Inc\netconnectres.h">
      <Filter>Header Files</Filter>
    </ClInclude>
    <ClInclude Include="Inc\netvoice.h">
      <Filter>Header Files</Filter>
    </ClInclude>
  </ItemGroup>
  <ItemGroup>
    <CustomBuild Include="ReadMe.txt" />
  </ItemGroup>
</Project>